
Microsoft Visual Studio Solution File, Format Version 12.00
# Visual Studio Version 16
VisualStudioVersion = 16.0.29424.173
MinimumVisualStudioVersion = 10.0.40219.1
Project("{8BC9CEB8-8B4A-11D0-8D11-00A0C91BC942}") = "Algorithm", "Algorithm\Algorithm.vcxproj", "{B584E4B1-8A08-4A0A-9F30-C559743B48C6}"
EndProject
Project("{8BC9CEB8-8B4A-11D0-8D11-00A0C91BC942}") = "Merge Sort", "Merge Sort\Merge Sort.vcxproj", "{8074DDAD-EFC6-4034-A1FB-77D47F888AFF}"
EndProject
Project("{8BC9CEB8-8B4A-11D0-8D11-00A0C91BC942}") = "STL_Algorithm", "STL\STL.vcxproj", "{17F7CE64-8337-4156-8072-F2B479223C7C}"
EndProject
Project("{8BC9CEB8-8B4A-11D0-8D11-00A0C91BC942}") = "STL_EX_StudentClass", "STL_EX_StudentClass\STL_EX_StudentClass.vcxproj", "{0F0DEAA1-8B96-449F-A368-AC4235E03569}"
EndProject
Project("{8BC9CEB8-8B4A-11D0-8D11-00A0C91BC942}") = "STL_Vector", "STL_EX2\STL_EX2.vcxproj", "{BBBE7AD0-73BF-4C4F-8BA1-94D70092E3C5}"
EndProject
Project("{8BC9CEB8-8B4A-11D0-8D11-00A0C91BC942}") = "STL_EX2_Student", "STL_EX2_Student\STL_EX2_Student.vcxproj", "{11044CA9-690F-4BEA-88A9-CFF3B74E46F0}"
EndProject
Project("{8BC9CEB8-8B4A-11D0-8D11-00A0C91BC942}") = "Heap Sort", "Heap Sort\Heap Sort.vcxproj", "{CD7818FD-DABE-483E-A89B-E7184019D53D}"
EndProject
Project("{8BC9CEB8-8B4A-11D0-8D11-00A0C91BC942}") = "Counting Sort", "Counting Sort\Counting Sort.vcxproj", "{23768D70-6416-4475-8FE6-B27112E17859}"
EndProject
Project("{8BC9CEB8-8B4A-11D0-8D11-00A0C91BC942}") = "Algorithm_EX1(13)", "Algorithm_EX1(13)\Algorithm_EX1(13).vcxproj", "{15C425E1-77ED-4B41-9A94-E46D154C3132}"
EndProject
Project("{8BC9CEB8-8B4A-11D0-8D11-00A0C91BC942}") = "Algorithm_EX2(13)", "Algorithm_EX2(13)\Algorithm_EX2(13).vcxproj", "{37E07ED2-F777-4364-B7DB-C4E09DFE8D82}"
EndProject
Project("{8BC9CEB8-8B4A-11D0-8D11-00A0C91BC942}") = "Algorithm_EX3(13)", "Algorithm_EX3(13)\Algorithm_EX3(13).vcxproj", "{07128FC2-1DD0-44F2-92FC-306F516EC161}"
EndProject
Project("{8BC9CEB8-8B4A-11D0-8D11-00A0C91BC942}") = "Stack", "Stack\Stack.vcxproj", "{C83F6DF1-52D6-48AD-9A48-89B0065693C1}"
EndProject
Project("{8BC9CEB8-8B4A-11D0-8D11-00A0C91BC942}") = "Queue", "Queue\Queue.vcxproj", "{C82F22EB-D47D-47B8-8EE9-D7BA12799B5C}"
EndProject
Project("{8BC9CEB8-8B4A-11D0-8D11-00A0C91BC942}") = "Union-Find", "Union-Find\Union-Find.vcxproj", "{663E3AFC-5123-484B-86FB-54A7DBD7A2FA}"
EndProject
Project("{8BC9CEB8-8B4A-11D0-8D11-00A0C91BC942}") = "Kruskal Algorithm", "Kruskal Algorithm\Kruskal Algorithm.vcxproj", "{9F5A33F1-9E81-4349-8E2F-C4153AF0ADF3}"
EndProject
Project("{8BC9CEB8-8B4A-11D0-8D11-00A0C91BC942}") = "Binary Tree", "Binary Tree\Binary Tree.vcxproj", "{93D2C860-7B4E-4CA9-8CBF-69AA938840DB}"
EndProject
Project("{8BC9CEB8-8B4A-11D0-8D11-00A0C91BC942}") = "Dynamic Programming", "Dynamic Programming\Dynamic Programming.vcxproj", "{2B6FB426-D969-4A15-A610-26A5A603F00E}"
EndProject
Project("{8BC9CEB8-8B4A-11D0-8D11-00A0C91BC942}") = "Dynamic Programming Tiling", "Dynamic Programming Tiling\Dynamic Programming Tiling.vcxproj", "{E25CCF4A-B12D-4D9C-8C42-3947C1469927}"
EndProject
Project("{8BC9CEB8-8B4A-11D0-8D11-00A0C91BC942}") = "Dynamic Programming Tiling(2)", "Dynamic Programming Tiling(2)\Dynamic Programming Tiling(2).vcxproj", "{E0D4380B-2AE1-48F5-BB9C-C611DD356314}"
EndProject
Project("{8BC9CEB8-8B4A-11D0-8D11-00A0C91BC942}") = "Dynamic Programming Tiling(3)", "Dynamic Programming Tiling(3)\Dynamic Programming Tiling(3).vcxproj", "{0C15A824-058A-4C82-A521-58E0447ABA66}"
EndProject
Project("{8BC9CEB8-8B4A-11D0-8D11-00A0C91BC942}") = "Dynamic Programming Tiling(4)", "Dynamic Programming Tiling(4)\Dynamic Programming Tiling(4).vcxproj", "{0ACDEC70-3F10-4BF9-A6E4-574C3F0BB779}"
EndProject
Global
	GlobalSection(SolutionConfigurationPlatforms) = preSolution
		Debug|x64 = Debug|x64
		Debug|x86 = Debug|x86
		Release|x64 = Release|x64
		Release|x86 = Release|x86
	EndGlobalSection
	GlobalSection(ProjectConfigurationPlatforms) = postSolution
		{B584E4B1-8A08-4A0A-9F30-C559743B48C6}.Debug|x64.ActiveCfg = Debug|x64
		{B584E4B1-8A08-4A0A-9F30-C559743B48C6}.Debug|x64.Build.0 = Debug|x64
		{B584E4B1-8A08-4A0A-9F30-C559743B48C6}.Debug|x86.ActiveCfg = Debug|Win32
		{B584E4B1-8A08-4A0A-9F30-C559743B48C6}.Debug|x86.Build.0 = Debug|Win32
		{B584E4B1-8A08-4A0A-9F30-C559743B48C6}.Release|x64.ActiveCfg = Release|x64
		{B584E4B1-8A08-4A0A-9F30-C559743B48C6}.Release|x64.Build.0 = Release|x64
		{B584E4B1-8A08-4A0A-9F30-C559743B48C6}.Release|x86.ActiveCfg = Release|Win32
		{B584E4B1-8A08-4A0A-9F30-C559743B48C6}.Release|x86.Build.0 = Release|Win32
		{8074DDAD-EFC6-4034-A1FB-77D47F888AFF}.Debug|x64.ActiveCfg = Debug|x64
		{8074DDAD-EFC6-4034-A1FB-77D47F888AFF}.Debug|x64.Build.0 = Debug|x64
		{8074DDAD-EFC6-4034-A1FB-77D47F888AFF}.Debug|x86.ActiveCfg = Debug|Win32
		{8074DDAD-EFC6-4034-A1FB-77D47F888AFF}.Debug|x86.Build.0 = Debug|Win32
		{8074DDAD-EFC6-4034-A1FB-77D47F888AFF}.Release|x64.ActiveCfg = Release|x64
		{8074DDAD-EFC6-4034-A1FB-77D47F888AFF}.Release|x64.Build.0 = Release|x64
		{8074DDAD-EFC6-4034-A1FB-77D47F888AFF}.Release|x86.ActiveCfg = Release|Win32
		{8074DDAD-EFC6-4034-A1FB-77D47F888AFF}.Release|x86.Build.0 = Release|Win32
		{17F7CE64-8337-4156-8072-F2B479223C7C}.Debug|x64.ActiveCfg = Debug|x64
		{17F7CE64-8337-4156-8072-F2B479223C7C}.Debug|x64.Build.0 = Debug|x64
		{17F7CE64-8337-4156-8072-F2B479223C7C}.Debug|x86.ActiveCfg = Debug|Win32
		{17F7CE64-8337-4156-8072-F2B479223C7C}.Debug|x86.Build.0 = Debug|Win32
		{17F7CE64-8337-4156-8072-F2B479223C7C}.Release|x64.ActiveCfg = Release|x64
		{17F7CE64-8337-4156-8072-F2B479223C7C}.Release|x64.Build.0 = Release|x64
		{17F7CE64-8337-4156-8072-F2B479223C7C}.Release|x86.ActiveCfg = Release|Win32
		{17F7CE64-8337-4156-8072-F2B479223C7C}.Release|x86.Build.0 = Release|Win32
		{0F0DEAA1-8B96-449F-A368-AC4235E03569}.Debug|x64.ActiveCfg = Debug|x64
		{0F0DEAA1-8B96-449F-A368-AC4235E03569}.Debug|x64.Build.0 = Debug|x64
		{0F0DEAA1-8B96-449F-A368-AC4235E03569}.Debug|x86.ActiveCfg = Debug|Win32
		{0F0DEAA1-8B96-449F-A368-AC4235E03569}.Debug|x86.Build.0 = Debug|Win32
		{0F0DEAA1-8B96-449F-A368-AC4235E03569}.Release|x64.ActiveCfg = Release|x64
		{0F0DEAA1-8B96-449F-A368-AC4235E03569}.Release|x64.Build.0 = Release|x64
		{0F0DEAA1-8B96-449F-A368-AC4235E03569}.Release|x86.ActiveCfg = Release|Win32
		{0F0DEAA1-8B96-449F-A368-AC4235E03569}.Release|x86.Build.0 = Release|Win32
		{BBBE7AD0-73BF-4C4F-8BA1-94D70092E3C5}.Debug|x64.ActiveCfg = Debug|x64
		{BBBE7AD0-73BF-4C4F-8BA1-94D70092E3C5}.Debug|x64.Build.0 = Debug|x64
		{BBBE7AD0-73BF-4C4F-8BA1-94D70092E3C5}.Debug|x86.ActiveCfg = Debug|Win32
		{BBBE7AD0-73BF-4C4F-8BA1-94D70092E3C5}.Debug|x86.Build.0 = Debug|Win32
		{BBBE7AD0-73BF-4C4F-8BA1-94D70092E3C5}.Release|x64.ActiveCfg = Release|x64
		{BBBE7AD0-73BF-4C4F-8BA1-94D70092E3C5}.Release|x64.Build.0 = Release|x64
		{BBBE7AD0-73BF-4C4F-8BA1-94D70092E3C5}.Release|x86.ActiveCfg = Release|Win32
		{BBBE7AD0-73BF-4C4F-8BA1-94D70092E3C5}.Release|x86.Build.0 = Release|Win32
		{11044CA9-690F-4BEA-88A9-CFF3B74E46F0}.Debug|x64.ActiveCfg = Debug|x64
		{11044CA9-690F-4BEA-88A9-CFF3B74E46F0}.Debug|x64.Build.0 = Debug|x64
		{11044CA9-690F-4BEA-88A9-CFF3B74E46F0}.Debug|x86.ActiveCfg = Debug|Win32
		{11044CA9-690F-4BEA-88A9-CFF3B74E46F0}.Debug|x86.Build.0 = Debug|Win32
		{11044CA9-690F-4BEA-88A9-CFF3B74E46F0}.Release|x64.ActiveCfg = Release|x64
		{11044CA9-690F-4BEA-88A9-CFF3B74E46F0}.Release|x64.Build.0 = Release|x64
		{11044CA9-690F-4BEA-88A9-CFF3B74E46F0}.Release|x86.ActiveCfg = Release|Win32
		{11044CA9-690F-4BEA-88A9-CFF3B74E46F0}.Release|x86.Build.0 = Release|Win32
		{CD7818FD-DABE-483E-A89B-E7184019D53D}.Debug|x64.ActiveCfg = Debug|x64
		{CD7818FD-DABE-483E-A89B-E7184019D53D}.Debug|x64.Build.0 = Debug|x64
		{CD7818FD-DABE-483E-A89B-E7184019D53D}.Debug|x86.ActiveCfg = Debug|Win32
		{CD7818FD-DABE-483E-A89B-E7184019D53D}.Debug|x86.Build.0 = Debug|Win32
		{CD7818FD-DABE-483E-A89B-E7184019D53D}.Release|x64.ActiveCfg = Release|x64
		{CD7818FD-DABE-483E-A89B-E7184019D53D}.Release|x64.Build.0 = Release|x64
		{CD7818FD-DABE-483E-A89B-E7184019D53D}.Release|x86.ActiveCfg = Release|Win32
		{CD7818FD-DABE-483E-A89B-E7184019D53D}.Release|x86.Build.0 = Release|Win32
		{23768D70-6416-4475-8FE6-B27112E17859}.Debug|x64.ActiveCfg = Debug|x64
		{23768D70-6416-4475-8FE6-B27112E17859}.Debug|x64.Build.0 = Debug|x64
		{23768D70-6416-4475-8FE6-B27112E17859}.Debug|x86.ActiveCfg = Debug|Win32
		{23768D70-6416-4475-8FE6-B27112E17859}.Debug|x86.Build.0 = Debug|Win32
		{23768D70-6416-4475-8FE6-B27112E17859}.Release|x64.ActiveCfg = Release|x64
		{23768D70-6416-4475-8FE6-B27112E17859}.Release|x64.Build.0 = Release|x64
		{23768D70-6416-4475-8FE6-B27112E17859}.Release|x86.ActiveCfg = Release|Win32
		{23768D70-6416-4475-8FE6-B27112E17859}.Release|x86.Build.0 = Release|Win32
		{15C425E1-77ED-4B41-9A94-E46D154C3132}.Debug|x64.ActiveCfg = Debug|x64
		{15C425E1-77ED-4B41-9A94-E46D154C3132}.Debug|x64.Build.0 = Debug|x64
		{15C425E1-77ED-4B41-9A94-E46D154C3132}.Debug|x86.ActiveCfg = Debug|Win32
		{15C425E1-77ED-4B41-9A94-E46D154C3132}.Debug|x86.Build.0 = Debug|Win32
		{15C425E1-77ED-4B41-9A94-E46D154C3132}.Release|x64.ActiveCfg = Release|x64
		{15C425E1-77ED-4B41-9A94-E46D154C3132}.Release|x64.Build.0 = Release|x64
		{15C425E1-77ED-4B41-9A94-E46D154C3132}.Release|x86.ActiveCfg = Release|Win32
		{15C425E1-77ED-4B41-9A94-E46D154C3132}.Release|x86.Build.0 = Release|Win32
		{37E07ED2-F777-4364-B7DB-C4E09DFE8D82}.Debug|x64.ActiveCfg = Debug|x64
		{37E07ED2-F777-4364-B7DB-C4E09DFE8D82}.Debug|x64.Build.0 = Debug|x64
		{37E07ED2-F777-4364-B7DB-C4E09DFE8D82}.Debug|x86.ActiveCfg = Debug|Win32
		{37E07ED2-F777-4364-B7DB-C4E09DFE8D82}.Debug|x86.Build.0 = Debug|Win32
		{37E07ED2-F777-4364-B7DB-C4E09DFE8D82}.Release|x64.ActiveCfg = Release|x64
		{37E07ED2-F777-4364-B7DB-C4E09DFE8D82}.Release|x64.Build.0 = Release|x64
		{37E07ED2-F777-4364-B7DB-C4E09DFE8D82}.Release|x86.ActiveCfg = Release|Win32
		{37E07ED2-F777-4364-B7DB-C4E09DFE8D82}.Release|x86.Build.0 = Release|Win32
		{07128FC2-1DD0-44F2-92FC-306F516EC161}.Debug|x64.ActiveCfg = Debug|x64
		{07128FC2-1DD0-44F2-92FC-306F516EC161}.Debug|x64.Build.0 = Debug|x64
		{07128FC2-1DD0-44F2-92FC-306F516EC161}.Debug|x86.ActiveCfg = Debug|Win32
		{07128FC2-1DD0-44F2-92FC-306F516EC161}.Debug|x86.Build.0 = Debug|Win32
		{07128FC2-1DD0-44F2-92FC-306F516EC161}.Release|x64.ActiveCfg = Release|x64
		{07128FC2-1DD0-44F2-92FC-306F516EC161}.Release|x64.Build.0 = Release|x64
		{07128FC2-1DD0-44F2-92FC-306F516EC161}.Release|x86.ActiveCfg = Release|Win32
		{07128FC2-1DD0-44F2-92FC-306F516EC161}.Release|x86.Build.0 = Release|Win32
		{C83F6DF1-52D6-48AD-9A48-89B0065693C1}.Debug|x64.ActiveCfg = Debug|x64
		{C83F6DF1-52D6-48AD-9A48-89B0065693C1}.Debug|x64.Build.0 = Debug|x64
		{C83F6DF1-52D6-48AD-9A48-89B0065693C1}.Debug|x86.ActiveCfg = Debug|Win32
		{C83F6DF1-52D6-48AD-9A48-89B0065693C1}.Debug|x86.Build.0 = Debug|Win32
		{C83F6DF1-52D6-48AD-9A48-89B0065693C1}.Release|x64.ActiveCfg = Release|x64
		{C83F6DF1-52D6-48AD-9A48-89B0065693C1}.Release|x64.Build.0 = Release|x64
		{C83F6DF1-52D6-48AD-9A48-89B0065693C1}.Release|x86.ActiveCfg = Release|Win32
		{C83F6DF1-52D6-48AD-9A48-89B0065693C1}.Release|x86.Build.0 = Release|Win32
		{C82F22EB-D47D-47B8-8EE9-D7BA12799B5C}.Debug|x64.ActiveCfg = Debug|x64
		{C82F22EB-D47D-47B8-8EE9-D7BA12799B5C}.Debug|x64.Build.0 = Debug|x64
		{C82F22EB-D47D-47B8-8EE9-D7BA12799B5C}.Debug|x86.ActiveCfg = Debug|Win32
		{C82F22EB-D47D-47B8-8EE9-D7BA12799B5C}.Debug|x86.Build.0 = Debug|Win32
		{C82F22EB-D47D-47B8-8EE9-D7BA12799B5C}.Release|x64.ActiveCfg = Release|x64
		{C82F22EB-D47D-47B8-8EE9-D7BA12799B5C}.Release|x64.Build.0 = Release|x64
		{C82F22EB-D47D-47B8-8EE9-D7BA12799B5C}.Release|x86.ActiveCfg = Release|Win32
		{C82F22EB-D47D-47B8-8EE9-D7BA12799B5C}.Release|x86.Build.0 = Release|Win32
		{663E3AFC-5123-484B-86FB-54A7DBD7A2FA}.Debug|x64.ActiveCfg = Debug|x64
		{663E3AFC-5123-484B-86FB-54A7DBD7A2FA}.Debug|x64.Build.0 = Debug|x64
		{663E3AFC-5123-484B-86FB-54A7DBD7A2FA}.Debug|x86.ActiveCfg = Debug|Win32
		{663E3AFC-5123-484B-86FB-54A7DBD7A2FA}.Debug|x86.Build.0 = Debug|Win32
		{663E3AFC-5123-484B-86FB-54A7DBD7A2FA}.Release|x64.ActiveCfg = Release|x64
		{663E3AFC-5123-484B-86FB-54A7DBD7A2FA}.Release|x64.Build.0 = Release|x64
		{663E3AFC-5123-484B-86FB-54A7DBD7A2FA}.Release|x86.ActiveCfg = Release|Win32
		{663E3AFC-5123-484B-86FB-54A7DBD7A2FA}.Release|x86.Build.0 = Release|Win32
		{9F5A33F1-9E81-4349-8E2F-C4153AF0ADF3}.Debug|x64.ActiveCfg = Debug|x64
		{9F5A33F1-9E81-4349-8E2F-C4153AF0ADF3}.Debug|x64.Build.0 = Debug|x64
		{9F5A33F1-9E81-4349-8E2F-C4153AF0ADF3}.Debug|x86.ActiveCfg = Debug|Win32
		{9F5A33F1-9E81-4349-8E2F-C4153AF0ADF3}.Debug|x86.Build.0 = Debug|Win32
		{9F5A33F1-9E81-4349-8E2F-C4153AF0ADF3}.Release|x64.ActiveCfg = Release|x64
		{9F5A33F1-9E81-4349-8E2F-C4153AF0ADF3}.Release|x64.Build.0 = Release|x64
		{9F5A33F1-9E81-4349-8E2F-C4153AF0ADF3}.Release|x86.ActiveCfg = Release|Win32
		{9F5A33F1-9E81-4349-8E2F-C4153AF0ADF3}.Release|x86.Build.0 = Release|Win32
		{93D2C860-7B4E-4CA9-8CBF-69AA938840DB}.Debug|x64.ActiveCfg = Debug|x64
		{93D2C860-7B4E-4CA9-8CBF-69AA938840DB}.Debug|x64.Build.0 = Debug|x64
		{93D2C860-7B4E-4CA9-8CBF-69AA938840DB}.Debug|x86.ActiveCfg = Debug|Win32
		{93D2C860-7B4E-4CA9-8CBF-69AA938840DB}.Debug|x86.Build.0 = Debug|Win32
		{93D2C860-7B4E-4CA9-8CBF-69AA938840DB}.Release|x64.ActiveCfg = Release|x64
		{93D2C860-7B4E-4CA9-8CBF-69AA938840DB}.Release|x64.Build.0 = Release|x64
		{93D2C860-7B4E-4CA9-8CBF-69AA938840DB}.Release|x86.ActiveCfg = Release|Win32
		{93D2C860-7B4E-4CA9-8CBF-69AA938840DB}.Release|x86.Build.0 = Release|Win32
		{2B6FB426-D969-4A15-A610-26A5A603F00E}.Debug|x64.ActiveCfg = Debug|x64
		{2B6FB426-D969-4A15-A610-26A5A603F00E}.Debug|x64.Build.0 = Debug|x64
		{2B6FB426-D969-4A15-A610-26A5A603F00E}.Debug|x86.ActiveCfg = Debug|Win32
		{2B6FB426-D969-4A15-A610-26A5A603F00E}.Debug|x86.Build.0 = Debug|Win32
		{2B6FB426-D969-4A15-A610-26A5A603F00E}.Release|x64.ActiveCfg = Release|x64
		{2B6FB426-D969-4A15-A610-26A5A603F00E}.Release|x64.Build.0 = Release|x64
		{2B6FB426-D969-4A15-A610-26A5A603F00E}.Release|x86.ActiveCfg = Release|Win32
		{2B6FB426-D969-4A15-A610-26A5A603F00E}.Release|x86.Build.0 = Release|Win32
		{E25CCF4A-B12D-4D9C-8C42-3947C1469927}.Debug|x64.ActiveCfg = Debug|x64
		{E25CCF4A-B12D-4D9C-8C42-3947C1469927}.Debug|x64.Build.0 = Debug|x64
		{E25CCF4A-B12D-4D9C-8C42-3947C1469927}.Debug|x86.ActiveCfg = Debug|Win32
		{E25CCF4A-B12D-4D9C-8C42-3947C1469927}.Debug|x86.Build.0 = Debug|Win32
		{E25CCF4A-B12D-4D9C-8C42-3947C1469927}.Release|x64.ActiveCfg = Release|x64
		{E25CCF4A-B12D-4D9C-8C42-3947C1469927}.Release|x64.Build.0 = Release|x64
		{E25CCF4A-B12D-4D9C-8C42-3947C1469927}.Release|x86.ActiveCfg = Release|Win32
		{E25CCF4A-B12D-4D9C-8C42-3947C1469927}.Release|x86.Build.0 = Release|Win32
		{E0D4380B-2AE1-48F5-BB9C-C611DD356314}.Debug|x64.ActiveCfg = Debug|x64
		{E0D4380B-2AE1-48F5-BB9C-C611DD356314}.Debug|x64.Build.0 = Debug|x64
		{E0D4380B-2AE1-48F5-BB9C-C611DD356314}.Debug|x86.ActiveCfg = Debug|Win32
		{E0D4380B-2AE1-48F5-BB9C-C611DD356314}.Debug|x86.Build.0 = Debug|Win32
		{E0D4380B-2AE1-48F5-BB9C-C611DD356314}.Release|x64.ActiveCfg = Release|x64
		{E0D4380B-2AE1-48F5-BB9C-C611DD356314}.Release|x64.Build.0 = Release|x64
		{E0D4380B-2AE1-48F5-BB9C-C611DD356314}.Release|x86.ActiveCfg = Release|Win32
		{E0D4380B-2AE1-48F5-BB9C-C611DD356314}.Release|x86.Build.0 = Release|Win32
		{0C15A824-058A-4C82-A521-58E0447ABA66}.Debug|x64.ActiveCfg = Debug|x64
		{0C15A824-058A-4C82-A521-58E0447ABA66}.Debug|x64.Build.0 = Debug|x64
		{0C15A824-058A-4C82-A521-58E0447ABA66}.Debug|x86.ActiveCfg = Debug|Win32
		{0C15A824-058A-4C82-A521-58E0447ABA66}.Debug|x86.Build.0 = Debug|Win32
		{0C15A824-058A-4C82-A521-58E0447ABA66}.Release|x64.ActiveCfg = Release|x64
		{0C15A824-058A-4C82-A521-58E0447ABA66}.Release|x64.Build.0 = Release|x64
		{0C15A824-058A-4C82-A521-58E0447ABA66}.Release|x86.ActiveCfg = Release|Win32
		{0C15A824-058A-4C82-A521-58E0447ABA66}.Release|x86.Build.0 = Release|Win32
		{0ACDEC70-3F10-4BF9-A6E4-574C3F0BB779}.Debug|x64.ActiveCfg = Debug|x64
		{0ACDEC70-3F10-4BF9-A6E4-574C3F0BB779}.Debug|x64.Build.0 = Debug|x64
		{0ACDEC70-3F10-4BF9-A6E4-574C3F0BB779}.Debug|x86.ActiveCfg = Debug|Win32
		{0ACDEC70-3F10-4BF9-A6E4-574C3F0BB779}.Debug|x86.Build.0 = Debug|Win32
		{0ACDEC70-3F10-4BF9-A6E4-574C3F0BB779}.Release|x64.ActiveCfg = Release|x64
		{0ACDEC70-3F10-4BF9-A6E4-574C3F0BB779}.Release|x64.Build.0 = Release|x64
		{0ACDEC70-3F10-4BF9-A6E4-574C3F0BB779}.Release|x86.ActiveCfg = Release|Win32
		{0ACDEC70-3F10-4BF9-A6E4-574C3F0BB779}.Release|x86.Build.0 = Release|Win32
	EndGlobalSection
	GlobalSection(SolutionProperties) = preSolution
		HideSolutionNode = FALSE
	EndGlobalSection
	GlobalSection(ExtensibilityGlobals) = postSolution
		SolutionGuid = {8654B658-371E-4158-8572-2B2B51192BF8}
	EndGlobalSection
EndGlobal
